
Microsoft Visual Studio Solution File, Format Version 12.00
# Visual Studio Version 16
VisualStudioVersion = 25.0.1704.5
MinimumVisualStudioVersion = 10.0.40219.1
Project("{FAE04EC0-301F-11D3-BF4B-00C04F79EFBC}") = "gsoApi", "gsoApi.csproj", "{D1C1F475-D1BF-4532-AAEE-2047F3ECCEF3}"
EndProject
Global
	GlobalSection(SolutionConfigurationPlatforms) = preSolution
		Debug|Any CPU = Debug|Any CPU
		Release|Any CPU = Release|Any CPU
	EndGlobalSection
	GlobalSection(ProjectConfigurationPlatforms) = postSolution
		{D1C1F475-D1BF-4532-AAEE-2047F3ECCEF3}.Debug|Any CPU.ActiveCfg = Debug|Any CPU
		{D1C1F475-D1BF-4532-AAEE-2047F3ECCEF3}.Debug|Any CPU.Build.0 = Debug|Any CPU
		{D1C1F475-D1BF-4532-AAEE-2047F3ECCEF3}.Release|Any CPU.ActiveCfg = Release|Any CPU
		{D1C1F475-D1BF-4532-AAEE-2047F3ECCEF3}.Release|Any CPU.Build.0 = Release|Any CPU
	EndGlobalSection
	GlobalSection(SolutionProperties) = preSolution
		HideSolutionNode = FALSE
	EndGlobalSection
	GlobalSection(ExtensibilityGlobals) = postSolution
		SolutionGuid = {2CC26AD6-765F-4224-916B-B19398BF4C82}
	EndGlobalSection
EndGlobal
